# THIS IS AN AUTOGENERATED FILE. DO NOT EDIT THIS FILE DIRECTLY.
# yarn lockfile v1


"@devcontainers/cli@^0.75.0":
  version "0.75.0"
  resolved "https://registry.npmjs.org/@devcontainers/cli/-/cli-0.75.0.tgz"
  integrity sha512-fYcAZMX1RjhG9bIhkiBrQMcKwnoGp808PWToAvWyNqSg8AeY8Bm2ClXVrFQknnPLRzD+GENlLrlx+WpI6weuUA==

"@openzeppelin/contracts-upgradeable@5.7.0":
  version "5.7.0"
  resolved "https://registry.npmjs.org/@openzeppelin/contracts-upgradeable/-/contracts-upgradeable-5.7.0.tgz"
  integrity sha512-dHA/P3AFsnNXcv82Kge/v35kK0ByNe1EFv4vvOnl//lc8svwRcj5i/bdXd5mdMolD4rjSKy6EWOwc6+7h1gjaQ==

"@openzeppelin/contracts@5.7.0":
  version "5.7.0"
  resolved "https://registry.npmjs.org/@openzeppelin/contracts/-/contracts-5.7.0.tgz"
  integrity sha512-IL2AZpI+7THMzt1u6Cxmc1zLwVnudtUGvrqXQ/HnbLKfQ/8dIWMMQPDwPIjRQzNrlAo4cxZaCGRB/XvwPo9ILA==

lefthook-darwin-arm64@1.13.6:
  version "1.13.6"
  resolved "https://registry.npmjs.org/lefthook-darwin-arm64/-/lefthook-darwin-arm64-1.13.6.tgz"
  integrity sha512-m6Lb77VGc84/Qo21Lhq576pEvcgFCnvloEiP02HbAHcIXD0RTLy9u2yAInrixqZeaz13HYtdDaI7OBYAAdVt8A==

lefthook-darwin-x64@1.13.6:
  version "1.13.6"
  resolved "https://registry.yarnpkg.com/lefthook-darwin-x64/-/lefthook-darwin-x64-1.13.6.tgz#454e09ff19b837de1346c6c64d53c4aa8795a68e"
  integrity sha512-CoRpdzanu9RK3oXR1vbEJA5LN7iB+c7hP+sONeQJzoOXuq4PNKVtEaN84Gl1BrVtCNLHWFAvCQaZPPiiXSy8qg==

lefthook-freebsd-arm64@1.13.6:
  version "1.13.6"
  resolved "https://registry.yarnpkg.com/lefthook-freebsd-arm64/-/lefthook-freebsd-arm64-1.13.6.tgz#873ad77e0f041fa13c541964505a5af028cc7f62"
  integrity sha512-X4A7yfvAJ68CoHTqP+XvQzdKbyd935sYy0bQT6Ajz7FL1g7hFiro8dqHSdPdkwei9hs8hXeV7feyTXbYmfjKQQ==

lefthook-freebsd-x64@1.13.6:
  version "1.13.6"
  resolved "https://registry.yarnpkg.com/lefthook-freebsd-x64/-/lefthook-freebsd-x64-1.13.6.tgz#bc04ad430fe45eaa1b5282639d435605921e374b"
  integrity sha512-ai2m+Sj2kGdY46USfBrCqLKe9GYhzeq01nuyDYCrdGISePeZ6udOlD1k3lQKJGQCHb0bRz4St0r5nKDSh1x/2A==

lefthook-linux-arm64@1.13.6:
  version "1.13.6"
  resolved "https://registry.yarnpkg.com/lefthook-linux-arm64/-/lefthook-linux-arm64-1.13.6.tgz#efbe267da03a634a28ff273b1b4cfa784b9c9bee"
  integrity sha512-cbo4Wtdq81GTABvikLORJsAWPKAJXE8Q5RXsICFUVznh5PHigS9dFW/4NXywo0+jfFPCT6SYds2zz4tCx6DA0Q==

lefthook-linux-x64@1.13.6:
  version "1.13.6"
  resolved "https://registry.yarnpkg.com/lefthook-linux-x64/-/lefthook-linux-x64-1.13.6.tgz#32fc5398f21e220f8ea6223e7434392d41d54afc"
  integrity sha512-uJl9vjCIIBTBvMZkemxCE+3zrZHlRO7Oc+nZJ+o9Oea3fu+W82jwX7a7clw8jqNfaeBS+8+ZEQgiMHWCloTsGw==

lefthook-openbsd-arm64@1.13.6:
  version "1.13.6"
  resolved "https://registry.yarnpkg.com/lefthook-openbsd-arm64/-/lefthook-openbsd-arm64-1.13.6.tgz#2294ca7378e4455e8325f873b520de53939b84e2"
  integrity sha512-7r153dxrNRQ9ytRs2PmGKKkYdvZYFPre7My7XToSTiRu5jNCq++++eAKVkoyWPduk97dGIA+YWiEr5Noe0TK2A==

lefthook-openbsd-x64@1.13.6:
  version "1.13.6"
  resolved "https://registry.yarnpkg.com/lefthook-openbsd-x64/-/lefthook-openbsd-x64-1.13.6.tgz#19216354cddbce1e7f84045cc473d5a808357306"
  integrity sha512-Z+UhLlcg1xrXOidK3aLLpgH7KrwNyWYE3yb7ITYnzJSEV8qXnePtVu8lvMBHs/myzemjBzeIr/U/+ipjclR06g==

lefthook-windows-arm64@1.13.6:
  version "1.13.6"
  resolved "https://registry.yarnpkg.com/lefthook-windows-arm64/-/lefthook-windows-arm64-1.13.6.tgz#e7c92dd0cabf7d7e1e50d11532e61efe9f76c629"
  integrity sha512-Uxef6qoDxCmUNQwk8eBvddYJKSBFglfwAY9Y9+NnnmiHpWTjjYiObE9gT2mvGVpEgZRJVAatBXc+Ha5oDD/OgQ==

lefthook-windows-x64@1.13.6:
  version "1.13.6"
  resolved "https://registry.yarnpkg.com/lefthook-windows-x64/-/lefthook-windows-x64-1.13.6.tgz#f9654bcef01597ff45cc616864e7e2505902e108"
  integrity sha512-mOZoM3FQh3o08M8PQ/b3IYuL5oo36D9ehczIw1dAgp1Ly+Tr4fJ96A+4SEJrQuYeRD4mex9bR7Ps56I73sBSZA==

lefthook@^1.10.10:
  version "1.13.6"
  resolved "https://registry.npmjs.org/lefthook/-/lefthook-1.13.6.tgz"
  integrity sha512-ojj4/4IJ29Xn4drd5emqVgilegAPN3Kf0FQM2p/9+lwSTpU+SZ1v4Ig++NF+9MOa99UKY8bElmVrLhnUUNFh5g==
  optionalDependencies:
    lefthook-darwin-arm64 "1.13.6"
    lefthook-darwin-x64 "1.13.6"
    lefthook-freebsd-arm64 "1.13.6"
    lefthook-freebsd-x64 "1.13.6"
    lefthook-linux-arm64 "1.13.6"
    lefthook-linux-x64 "1.13.6"
    lefthook-openbsd-arm64 "1.13.6"
    lefthook-openbsd-x64 "1.13.6"
    lefthook-windows-arm64 "1.13.6"
    lefthook-windows-x64 "1.13.6"
